
Microsoft Visual Studio Solution File, Format Version 12.00
# Visual Studio Version 17
VisualStudioVersion = 17.3.32819.101
MinimumVisualStudioVersion = 10.0.40219.1
Project("{FAE04EC0-301F-11D3-BF4B-00C04F79EFBC}") = "LTUDMIS62", "LTUDMIS62\LTUDMIS62.csproj", "{942EED98-D27A-4334-B2CE-621F158DDB0F}"
EndProject
Global
	GlobalSection(SolutionConfigurationPlatforms) = preSolution
		Debug|Any CPU = Debug|Any CPU
		Release|Any CPU = Release|Any CPU
	EndGlobalSection
	GlobalSection(ProjectConfigurationPlatforms) = postSolution
		{942EED98-D27A-4334-B2CE-621F158DDB0F}.Debug|Any CPU.ActiveCfg = Debug|Any CPU
		{942EED98-D27A-4334-B2CE-621F158DDB0F}.Debug|Any CPU.Build.0 = Debug|Any CPU
		{942EED98-D27A-4334-B2CE-621F158DDB0F}.Release|Any CPU.ActiveCfg = Release|Any CPU
		{942EED98-D27A-4334-B2CE-621F158DDB0F}.Release|Any CPU.Build.0 = Release|Any CPU
	EndGlobalSection
	GlobalSection(SolutionProperties) = preSolution
		HideSolutionNode = FALSE
	EndGlobalSection
	GlobalSection(ExtensibilityGlobals) = postSolution
		SolutionGuid = {D9399CFF-256E-47DB-B93B-7512C4D1982C}
	EndGlobalSection
EndGlobal
