
Microsoft Visual Studio Solution File, Format Version 12.00
# Visual Studio Version 17
VisualStudioVersion = 17.3.32819.101
MinimumVisualStudioVersion = 10.0.40219.1
Project("{FAE04EC0-301F-11D3-BF4B-00C04F79EFBC}") = "QLDA", "QLDA\QLDA.csproj", "{61A0ED37-8C1E-4B67-8725-5A57AA5C8AA5}"
EndProject
Global
	GlobalSection(SolutionConfigurationPlatforms) = preSolution
		Debug|Any CPU = Debug|Any CPU
		Release|Any CPU = Release|Any CPU
	EndGlobalSection
	GlobalSection(ProjectConfigurationPlatforms) = postSolution
		{61A0ED37-8C1E-4B67-8725-5A57AA5C8AA5}.Debug|Any CPU.ActiveCfg = Debug|Any CPU
		{61A0ED37-8C1E-4B67-8725-5A57AA5C8AA5}.Debug|Any CPU.Build.0 = Debug|Any CPU
		{61A0ED37-8C1E-4B67-8725-5A57AA5C8AA5}.Release|Any CPU.ActiveCfg = Release|Any CPU
		{61A0ED37-8C1E-4B67-8725-5A57AA5C8AA5}.Release|Any CPU.Build.0 = Release|Any CPU
	EndGlobalSection
	GlobalSection(SolutionProperties) = preSolution
		HideSolutionNode = FALSE
	EndGlobalSection
	GlobalSection(ExtensibilityGlobals) = postSolution
		SolutionGuid = {4F97B9F0-B28B-4925-824E-A55FCD24BDD2}
	EndGlobalSection
EndGlobal
